{
  "name": "ws-spider",
  "version": "1.0.0",
  "lockfileVersion": 1,
  "requires": true,
  "dependencies": {
    "@sinonjs/formatio": {
      "version": "2.0.0",
      "resolved": "http://registry.npmjs.org/@sinonjs/formatio/-/formatio-2.0.0.tgz",
      "integrity": "sha512-ls6CAMA6/5gG+O/IdsBcblvnd8qcO/l1TYoNeAzp3wcISOxlPXQEus0mLcdwazEkWjaBdaJ3TaxmNgCLWwvWzg==",
      "requires": {
        "samsam": "1.3.0"
      }
    },
    "@types/node": {
      "version": "9.6.2",
      "resolved": "https://registry.npmjs.org/@types/node/-/node-9.6.2.tgz",
      "integrity": "sha512-UWkRY9X7RQHp5OhhRIIka58/gVVycL1zHZu0OTsT5LI86ABaMOSbUjAl+b0FeDhQcxclrkyft3kW5QWdMRs8wQ=="
    },
    "async": {
      "version": "2.6.0",
      "resolved": "https://registry.npmjs.org/async/-/async-2.6.0.tgz",
      "integrity": "sha512-xAfGg1/NTLBBKlHFmnd7PlmUW9KhVQIUuSrYem9xzFUZy13ScvtyGGejaae9iAVRiRq9+Cx7DPFaAAhCpyxyPw==",
      "requires": {
        "lodash": "4.17.5"
      }
    },
    "asynckit": {
      "version": "0.4.0",
      "resolved": "http://registry.npm.taobao.org/asynckit/download/asynckit-0.4.0.tgz",
      "integrity": "sha1-x57Zf380y48robyXkLzDZkdLS3k="
    },
    "bignumber.js": {
      "version": "4.0.4",
      "resolved": "https://registry.npmjs.org/bignumber.js/-/bignumber.js-4.0.4.tgz",
      "integrity": "sha512-LDXpJKVzEx2/OqNbG9mXBNvHuiRL4PzHCGfnANHMJ+fv68Ads3exDVJeGDJws+AoNEuca93bU3q+S0woeUaCdg=="
    },
    "bluebird": {
      "version": "3.5.1",
      "resolved": "https://registry.npmjs.org/bluebird/-/bluebird-3.5.1.tgz",
      "integrity": "sha512-MKiLiV+I1AA596t9w1sQJ8jkiSr5+ZKi0WKrYGUn6d1Fx+Ij4tIj+m2WMQSGczs5jZVxV339chE8iwk6F64wjA=="
    },
    "boolbase": {
      "version": "1.0.0",
      "resolved": "https://registry.npmjs.org/boolbase/-/boolbase-1.0.0.tgz",
      "integrity": "sha1-aN/1++YMUes3cl6p4+0xDcwed24="
    },
    "build": {
      "version": "0.1.4",
      "resolved": "https://registry.npmjs.org/build/-/build-0.1.4.tgz",
      "integrity": "sha1-cH/gJv/O3crL/c3zVur9pk8VEEY=",
      "requires": {
        "cssmin": "0.3.2",
        "jsmin": "1.0.1",
        "jxLoader": "0.1.1",
        "moo-server": "1.3.0",
        "promised-io": "0.3.5",
        "timespan": "2.3.0",
        "uglify-js": "1.3.5",
        "walker": "1.0.7",
        "winston": "2.4.1",
        "wrench": "1.3.9"
      }
    },
    "cheerio": {
      "version": "1.0.0-rc.2",
      "resolved": "https://registry.npmjs.org/cheerio/-/cheerio-1.0.0-rc.2.tgz",
      "integrity": "sha1-S59TqBsn5NXawxwP/Qz6A8xoMNs=",
      "requires": {
        "css-select": "1.2.0",
        "dom-serializer": "0.1.0",
        "entities": "1.1.1",
        "htmlparser2": "3.9.2",
        "lodash": "4.17.5",
        "parse5": "3.0.3"
      }
    },
    "colors": {
      "version": "1.0.3",
      "resolved": "https://registry.npmjs.org/colors/-/colors-1.0.3.tgz",
      "integrity": "sha1-BDP0TYCWgP3rYO0mDxsMJi6CpAs="
    },
    "combined-stream": {
      "version": "1.0.6",
      "resolved": "http://registry.npm.taobao.org/combined-stream/download/combined-stream-1.0.6.tgz",
      "integrity": "sha1-cj599ugBrFYTETp+RFqbactjKBg=",
      "requires": {
        "delayed-stream": "1.0.0"
      }
    },
    "component-emitter": {
      "version": "1.2.1",
      "resolved": "http://registry.npm.taobao.org/component-emitter/download/component-emitter-1.2.1.tgz",
      "integrity": "sha1-E3kY1teCg/ffemt8WmPhQOaUJeY="
    },
    "cookiejar": {
      "version": "2.1.1",
      "resolved": "http://registry.npm.taobao.org/cookiejar/download/cookiejar-2.1.1.tgz",
      "integrity": "sha1-Qa1XsbVVlR7BcUEqgZQrHoIA00o="
    },
    "core-util-is": {
      "version": "1.0.2",
      "resolved": "http://registry.npm.taobao.org/core-util-is/download/core-util-is-1.0.2.tgz",
      "integrity": "sha1-tf1UIgqivFq1eqtxQMlAdUUDwac="
    },
    "css-select": {
      "version": "1.2.0",
      "resolved": "https://registry.npmjs.org/css-select/-/css-select-1.2.0.tgz",
      "integrity": "sha1-KzoRBTnFNV8c2NMUYj6HCxIeyFg=",
      "requires": {
        "boolbase": "1.0.0",
        "css-what": "2.1.0",
        "domutils": "1.5.1",
        "nth-check": "1.0.1"
      }
    },
    "css-what": {
      "version": "2.1.0",
      "resolved": "https://registry.npmjs.org/css-what/-/css-what-2.1.0.tgz",
      "integrity": "sha1-lGfQMsOM+u+58teVASUwYvh/ob0="
    },
    "cssmin": {
      "version": "0.3.2",
      "resolved": "https://registry.npmjs.org/cssmin/-/cssmin-0.3.2.tgz",
      "integrity": "sha1-3c5MVHtRCuDVlKjx+/iq+OLFwA0="
    },
    "cycle": {
      "version": "1.0.3",
      "resolved": "https://registry.npmjs.org/cycle/-/cycle-1.0.3.tgz",
      "integrity": "sha1-IegLK+hYD5i0aPN5QwZisEbDStI="
    },
    "debug": {
      "version": "3.1.0",
      "resolved": "http://registry.npm.taobao.org/debug/download/debug-3.1.0.tgz",
      "integrity": "sha1-W7WgZyYotkFJVmuhaBnmFRjGcmE=",
      "requires": {
        "ms": "2.0.0"
      }
    },
    "delayed-stream": {
      "version": "1.0.0",
      "resolved": "http://registry.npm.taobao.org/delayed-stream/download/delayed-stream-1.0.0.tgz",
      "integrity": "sha1-3zrhmayt+31ECqrgsp4icrJOxhk="
    },
    "diff": {
      "version": "3.5.0",
      "resolved": "https://registry.npmjs.org/diff/-/diff-3.5.0.tgz",
      "integrity": "sha512-A46qtFgd+g7pDZinpnwiRJtxbC1hpgf0uzP3iG89scHk0AUC7A1TGxf5OiiOUv/JMZR8GOt8hL900hV0bOy5xA=="
    },
    "dom-serializer": {
      "version": "0.1.0",
      "resolved": "https://registry.npmjs.org/dom-serializer/-/dom-serializer-0.1.0.tgz",
      "integrity": "sha1-BzxpdUbOB4DOI75KKOKT5AvDDII=",
      "requires": {
        "domelementtype": "1.1.3",
        "entities": "1.1.1"
      },
      "dependencies": {
        "domelementtype": {
          "version": "1.1.3",
          "resolved": "https://registry.npmjs.org/domelementtype/-/domelementtype-1.1.3.tgz",
          "integrity": "sha1-vSh3PiZCiBrsUVRJJCmcXNgiGFs="
        }
      }
    },
    "domelementtype": {
      "version": "1.3.0",
      "resolved": "https://registry.npmjs.org/domelementtype/-/domelementtype-1.3.0.tgz",
      "integrity": "sha1-sXrtguirWeUt2cGbF1bg/BhyBMI="
    },
    "domhandler": {
      "version": "2.4.1",
      "resolved": "https://registry.npmjs.org/domhandler/-/domhandler-2.4.1.tgz",
      "integrity": "sha1-iS5HAAqZvlW783dP/qBWHYh5wlk=",
      "requires": {
        "domelementtype": "1.3.0"
      }
    },
    "domutils": {
      "version": "1.5.1",
      "resolved": "https://registry.npmjs.org/domutils/-/domutils-1.5.1.tgz",
      "integrity": "sha1-3NhIiib1Y9YQeeSMn3t+Mjc2gs8=",
      "requires": {
        "dom-serializer": "0.1.0",
        "domelementtype": "1.3.0"
      }
    },
    "enforce": {
      "version": "0.1.7",
      "resolved": "https://registry.npmjs.org/enforce/-/enforce-0.1.7.tgz",
      "integrity": "sha1-r3zdP6mCsuyq4GrntcJZUX0ivj8="
    },
    "entities": {
      "version": "1.1.1",
      "resolved": "https://registry.npmjs.org/entities/-/entities-1.1.1.tgz",
      "integrity": "sha1-blwtClYhtdra7O+AuQ7ftc13cvA="
    },
    "extend": {
      "version": "3.0.1",
      "resolved": "http://registry.npm.taobao.org/extend/download/extend-3.0.1.tgz",
      "integrity": "sha1-p1Xqe8Gt/MWjHOfnYtuq3F5jZEQ="
    },
    "eyes": {
      "version": "0.1.8",
      "resolved": "https://registry.npmjs.org/eyes/-/eyes-0.1.8.tgz",
      "integrity": "sha1-Ys8SAjTGg3hdkCNIqADvPgzCC8A="
    },
    "form-data": {
      "version": "2.3.2",
      "resolved": "http://registry.npm.taobao.org/form-data/download/form-data-2.3.2.tgz",
      "integrity": "sha1-SXBJi+YEwgwAXU9cI67NIda0kJk=",
      "requires": {
        "asynckit": "0.4.0",
        "combined-stream": "1.0.6",
        "mime-types": "2.1.18"
      }
    },
    "formatio": {
      "version": "1.2.0",
      "resolved": "https://registry.npmjs.org/formatio/-/formatio-1.2.0.tgz",
      "integrity": "sha1-87IWfZBoxGmKjVH092CjmlTYGOs=",
      "requires": {
        "samsam": "1.3.0"
      }
    },
    "formidable": {
      "version": "1.2.1",
      "resolved": "http://registry.npm.taobao.org/formidable/download/formidable-1.2.1.tgz",
      "integrity": "sha1-cPt8oCkO5v+WEJBBX0s989IIJlk="
    },
    "hat": {
      "version": "0.0.3",
      "resolved": "https://registry.npmjs.org/hat/-/hat-0.0.3.tgz",
      "integrity": "sha1-uwFKnmSzeIrtgAWRdBPU/z1QLYo="
    },
    "htmlparser2": {
      "version": "3.9.2",
      "resolved": "https://registry.npmjs.org/htmlparser2/-/htmlparser2-3.9.2.tgz",
      "integrity": "sha1-G9+HrMoPP55T+k/M6w9LTLsAszg=",
      "requires": {
        "domelementtype": "1.3.0",
        "domhandler": "2.4.1",
        "domutils": "1.5.1",
        "entities": "1.1.1",
        "inherits": "2.0.3",
        "readable-stream": "2.3.5"
      }
    },
    "iconv-lite": {
      "version": "0.4.19",
      "resolved": "http://registry.npm.taobao.org/iconv-lite/download/iconv-lite-0.4.19.tgz",
      "integrity": "sha1-90aPYBNfXl2tM5nAqBvpoWA6CCs="
    },
    "inherits": {
      "version": "2.0.3",
      "resolved": "http://registry.npm.taobao.org/inherits/download/inherits-2.0.3.tgz",
      "integrity": "sha1-Yzwsg+PaQqUC9SRmAiSA9CCCYd4="
    },
    "isarray": {
      "version": "1.0.0",
      "resolved": "http://registry.npm.taobao.org/isarray/download/isarray-1.0.0.tgz",
      "integrity": "sha1-u5NdSFgsuhaMBoNJV6VKPgcSTxE="
    },
    "isstream": {
      "version": "0.1.2",
      "resolved": "https://registry.npmjs.org/isstream/-/isstream-0.1.2.tgz",
      "integrity": "sha1-R+Y/evVa+m+S4VAOaQ64uFKcCZo="
    },
    "js-yaml": {
      "version": "0.3.7",
      "resolved": "https://registry.npmjs.org/js-yaml/-/js-yaml-0.3.7.tgz",
      "integrity": "sha1-1znY7oZGHlSzVNan19HyrZoWf2I="
    },
    "jsmin": {
      "version": "1.0.1",
      "resolved": "https://registry.npmjs.org/jsmin/-/jsmin-1.0.1.tgz",
      "integrity": "sha1-570NzWSWw79IYyNb9GGj2YqjuYw="
    },
    "just-extend": {
      "version": "1.1.27",
      "resolved": "https://registry.npmjs.org/just-extend/-/just-extend-1.1.27.tgz",
      "integrity": "sha512-mJVp13Ix6gFo3SBAy9U/kL+oeZqzlYYYLQBwXVBlVzIsZwBqGREnOro24oC/8s8aox+rJhtZ2DiQof++IrkA+g=="
    },
    "jxLoader": {
      "version": "0.1.1",
      "resolved": "https://registry.npmjs.org/jxLoader/-/jxLoader-0.1.1.tgz",
      "integrity": "sha1-ATTqUUTlM7WU/B/yX/GU4jXFPs0=",
      "requires": {
        "js-yaml": "0.3.7",
        "moo-server": "1.3.0",
        "promised-io": "0.3.5",
        "walker": "1.0.7"
      }
    },
    "lodash": {
      "version": "4.17.5",
      "resolved": "https://registry.npmjs.org/lodash/-/lodash-4.17.5.tgz",
      "integrity": "sha512-svL3uiZf1RwhH+cWrfZn3A4+U58wbP0tGVTLQPbjplZxZ8ROD9VLuNgsRniTlLe7OlSqR79RUehXgpBW/s0IQw=="
    },
    "lodash.get": {
      "version": "4.4.2",
      "resolved": "https://registry.npmjs.org/lodash.get/-/lodash.get-4.4.2.tgz",
      "integrity": "sha1-LRd/ZS+jHpObRDjVNBSZ36OCXpk="
    },
    "lolex": {
      "version": "2.3.2",
      "resolved": "https://registry.npmjs.org/lolex/-/lolex-2.3.2.tgz",
      "integrity": "sha512-A5pN2tkFj7H0dGIAM6MFvHKMJcPnjZsOMvR7ujCjfgW5TbV6H9vb1PgxLtHvjqNZTHsUolz+6/WEO0N1xNx2ng=="
    },
    "makeerror": {
      "version": "1.0.11",
      "resolved": "https://registry.npmjs.org/makeerror/-/makeerror-1.0.11.tgz",
      "integrity": "sha1-4BpckQnyr3lmDk6LlYd5AYT1qWw=",
      "requires": {
        "tmpl": "1.0.4"
      }
    },
    "methods": {
      "version": "1.1.2",
      "resolved": "http://registry.npm.taobao.org/methods/download/methods-1.1.2.tgz",
      "integrity": "sha1-VSmk1nZUE07cxSZmVoNbD4Ua/O4="
    },
    "mime": {
      "version": "1.6.0",
      "resolved": "http://registry.npm.taobao.org/mime/download/mime-1.6.0.tgz",
      "integrity": "sha1-Ms2eXGRVO9WNGaVor0Uqz/BJgbE="
    },
    "mime-db": {
      "version": "1.33.0",
      "resolved": "http://registry.npm.taobao.org/mime-db/download/mime-db-1.33.0.tgz",
      "integrity": "sha1-o0kgUKXLm2NFBUHjnZeI0icng9s="
    },
    "mime-types": {
      "version": "2.1.18",
      "resolved": "http://registry.npm.taobao.org/mime-types/download/mime-types-2.1.18.tgz",
      "integrity": "sha1-bzI/YKg9ERRvgx/xH9ZuL+VQO7g=",
      "requires": {
        "mime-db": "1.33.0"
      }
    },
    "moo-server": {
      "version": "1.3.0",
      "resolved": "https://registry.npmjs.org/moo-server/-/moo-server-1.3.0.tgz",
      "integrity": "sha1-XceVaVZaENbv7VQ5SR5p0jkuWPE="
    },
    "ms": {
      "version": "2.0.0",
      "resolved": "http://registry.npm.taobao.org/ms/download/ms-2.0.0.tgz",
      "integrity": "sha1-VgiurfwAvmwpAd9fmGF4jeDVl8g="
    },
    "mysql": {
      "version": "2.15.0",
      "resolved": "https://registry.npmjs.org/mysql/-/mysql-2.15.0.tgz",
      "integrity": "sha512-C7tjzWtbN5nzkLIV+E8Crnl9bFyc7d3XJcBAvHKEVkjrYjogz3llo22q6s/hw+UcsE4/844pDob9ac+3dVjQSA==",
      "requires": {
        "bignumber.js": "4.0.4",
        "readable-stream": "2.3.3",
        "safe-buffer": "5.1.1",
        "sqlstring": "2.3.0"
      },
      "dependencies": {
        "process-nextick-args": {
          "version": "1.0.7",
          "resolved": "https://registry.npmjs.org/process-nextick-args/-/process-nextick-args-1.0.7.tgz",
          "integrity": "sha1-FQ4gt1ZZCtP5EJPyWk8q2L/zC6M="
        },
        "readable-stream": {
          "version": "2.3.3",
          "resolved": "https://registry.npmjs.org/readable-stream/-/readable-stream-2.3.3.tgz",
          "integrity": "sha512-m+qzzcn7KUxEmd1gMbchF+Y2eIUbieUaxkWtptyHywrX0rE8QEYqPC07Vuy4Wm32/xE16NcdBctb8S0Xe/5IeQ==",
          "requires": {
            "core-util-is": "1.0.2",
            "inherits": "2.0.3",
            "isarray": "1.0.0",
            "process-nextick-args": "1.0.7",
            "safe-buffer": "5.1.1",
            "string_decoder": "1.0.3",
            "util-deprecate": "1.0.2"
          }
        }
      }
    },
    "native-promise-only": {
      "version": "0.8.1",
      "resolved": "https://registry.npmjs.org/native-promise-only/-/native-promise-only-0.8.1.tgz",
      "integrity": "sha1-IKMYwwy0X3H+et+/eyHJnBRy7xE="
    },
    "nise": {
      "version": "1.3.2",
      "resolved": "https://registry.npmjs.org/nise/-/nise-1.3.2.tgz",
      "integrity": "sha512-KPKb+wvETBiwb4eTwtR/OsA2+iijXP+VnlSFYJo3EHjm2yjek1NWxHOUQat3i7xNLm1Bm18UA5j5Wor0yO2GtA==",
      "requires": {
        "@sinonjs/formatio": "2.0.0",
        "just-extend": "1.1.27",
        "lolex": "2.3.2",
        "path-to-regexp": "1.7.0",
        "text-encoding": "0.6.4"
      }
    },
    "nth-check": {
      "version": "1.0.1",
      "resolved": "https://registry.npmjs.org/nth-check/-/nth-check-1.0.1.tgz",
      "integrity": "sha1-mSms32KPwsQQmN6rgqxYDPFJquQ=",
      "requires": {
        "boolbase": "1.0.0"
      }
    },
    "orm": {
      "version": "4.0.2",
      "resolved": "https://registry.npmjs.org/orm/-/orm-4.0.2.tgz",
      "integrity": "sha512-A+OaH1MRRS6PK2d1trE6MWFSbgl49cFEKJWnTg1D9uGZCtCAXmP276YxhYku8nQ7u6Q5tTPw2r8zxnuqIs3jCw==",
      "requires": {
        "async": "2.5.0",
        "bluebird": "3.5.1",
        "enforce": "0.1.7",
        "hat": "0.0.3",
        "lodash": "4.17.4",
        "path-is-absolute": "1.0.1",
        "sinon": "3.3.0",
        "sql-ddl-sync": "0.3.13",
        "sql-query": "0.1.26"
      },
      "dependencies": {
        "async": {
          "version": "2.5.0",
          "resolved": "https://registry.npmjs.org/async/-/async-2.5.0.tgz",
          "integrity": "sha512-e+lJAJeNWuPCNyxZKOBdaJGyLGHugXVQtrAwtuAe2vhxTYxFTKE73p8JuTmdH0qdQZtDvI4dhJwjZc5zsfIsYw==",
          "requires": {
            "lodash": "4.17.4"
          }
        },
        "lodash": {
          "version": "4.17.4",
          "resolved": "https://registry.npmjs.org/lodash/-/lodash-4.17.4.tgz",
          "integrity": "sha1-eCA6TRwyiuHYbcpkYONptX9AVa4="
        }
      }
    },
    "parse5": {
      "version": "3.0.3",
      "resolved": "https://registry.npmjs.org/parse5/-/parse5-3.0.3.tgz",
      "integrity": "sha512-rgO9Zg5LLLkfJF9E6CCmXlSE4UVceloys8JrFqCcHloC3usd/kJCyPDwH2SOlzix2j3xaP9sUX3e8+kvkuleAA==",
      "requires": {
        "@types/node": "9.6.2"
      }
    },
    "path-is-absolute": {
      "version": "1.0.1",
      "resolved": "https://registry.npmjs.org/path-is-absolute/-/path-is-absolute-1.0.1.tgz",
      "integrity": "sha1-F0uSaHNVNP+8es5r9TpanhtcX18="
    },
    "path-to-regexp": {
      "version": "1.7.0",
      "resolved": "https://registry.npmjs.org/path-to-regexp/-/path-to-regexp-1.7.0.tgz",
      "integrity": "sha1-Wf3g9DW62suhA6hOnTvGTpa5k30=",
      "requires": {
        "isarray": "0.0.1"
      },
      "dependencies": {
        "isarray": {
          "version": "0.0.1",
          "resolved": "https://registry.npmjs.org/isarray/-/isarray-0.0.1.tgz",
          "integrity": "sha1-ihis/Kmo9Bd+Cav8YDiTmwXR7t8="
        }
      }
    },
    "process-nextick-args": {
      "version": "2.0.0",
      "resolved": "http://registry.npm.taobao.org/process-nextick-args/download/process-nextick-args-2.0.0.tgz",
      "integrity": "sha1-o31zL0JxtKsa0HDTVQjoKQeI/6o="
    },
    "promised-io": {
      "version": "0.3.5",
      "resolved": "https://registry.npmjs.org/promised-io/-/promised-io-0.3.5.tgz",
      "integrity": "sha1-StIXuzZYvKrplGsXqGaOzYUeE1Y="
    },
    "qs": {
      "version": "6.5.1",
      "resolved": "http://registry.npm.taobao.org/qs/download/qs-6.5.1.tgz",
      "integrity": "sha1-NJzfbu+J7EXBLX1es/wMhwNDptg="
    },
    "readable-stream": {
      "version": "2.3.5",
      "resolved": "http://registry.npm.taobao.org/readable-stream/download/readable-stream-2.3.5.tgz",
      "integrity": "sha1-tPhQA6k4y7bsvOKhJPsQEr0ag40=",
      "requires": {
        "core-util-is": "1.0.2",
        "inherits": "2.0.3",
        "isarray": "1.0.0",
        "process-nextick-args": "2.0.0",
        "safe-buffer": "5.1.1",
        "string_decoder": "1.0.3",
        "util-deprecate": "1.0.2"
      }
    },
    "safe-buffer": {
      "version": "5.1.1",
      "resolved": "http://registry.npm.taobao.org/safe-buffer/download/safe-buffer-5.1.1.tgz",
      "integrity": "sha1-iTMSr2myEj3vcfV4iQAWce6yyFM="
    },
    "samsam": {
      "version": "1.3.0",
      "resolved": "https://registry.npmjs.org/samsam/-/samsam-1.3.0.tgz",
      "integrity": "sha512-1HwIYD/8UlOtFS3QO3w7ey+SdSDFE4HRNLZoZRYVQefrOY3l17epswImeB1ijgJFQJodIaHcwkp3r/myBjFVbg=="
    },
    "sinon": {
      "version": "3.3.0",
      "resolved": "https://registry.npmjs.org/sinon/-/sinon-3.3.0.tgz",
      "integrity": "sha512-/flfGfIxIRXSvZBHJzIf3iAyGYkmMQq6SQjA0cx9SOuVuq+4ZPPO4LJtH1Ce0Lznax1KSG1U6Dad85wIcSW19w==",
      "requires": {
        "build": "0.1.4",
        "diff": "3.5.0",
        "formatio": "1.2.0",
        "lodash.get": "4.4.2",
        "lolex": "2.3.2",
        "native-promise-only": "0.8.1",
        "nise": "1.3.2",
        "path-to-regexp": "1.7.0",
        "samsam": "1.3.0",
        "text-encoding": "0.6.4",
        "type-detect": "4.0.8"
      }
    },
    "sql-ddl-sync": {
      "version": "0.3.13",
      "resolved": "https://registry.npmjs.org/sql-ddl-sync/-/sql-ddl-sync-0.3.13.tgz",
      "integrity": "sha512-8hxYFdiwBoRySLFeBeMOiipvCJvtHcIEMuegQRqvBuOcjyhZgalv+uNlO1RIQNu/A+Jm9d8K8fTFbQYxH2KEAg==",
      "requires": {
        "lodash": "4.17.4"
      },
      "dependencies": {
        "lodash": {
          "version": "4.17.4",
          "resolved": "https://registry.npmjs.org/lodash/-/lodash-4.17.4.tgz",
          "integrity": "sha1-eCA6TRwyiuHYbcpkYONptX9AVa4="
        }
      }
    },
    "sql-query": {
      "version": "0.1.26",
      "resolved": "https://registry.npmjs.org/sql-query/-/sql-query-0.1.26.tgz",
      "integrity": "sha1-yNNYvl2xxJzCBVVYuj32TlpIxEE="
    },
    "sqlstring": {
      "version": "2.3.0",
      "resolved": "https://registry.npmjs.org/sqlstring/-/sqlstring-2.3.0.tgz",
      "integrity": "sha1-UluKT9Jtb3GqYegipsr5dtMa0qg="
    },
    "stack-trace": {
      "version": "0.0.10",
      "resolved": "https://registry.npmjs.org/stack-trace/-/stack-trace-0.0.10.tgz",
      "integrity": "sha1-VHxws0fo0ytOEI6hoqFZ5f3eGcA="
    },
    "string_decoder": {
      "version": "1.0.3",
      "resolved": "http://registry.npm.taobao.org/string_decoder/download/string_decoder-1.0.3.tgz",
      "integrity": "sha1-D8Z9fBQYJd6UKC3VNr7GubzoYKs=",
      "requires": {
        "safe-buffer": "5.1.1"
      }
    },
    "superagent": {
      "version": "3.8.2",
      "resolved": "http://registry.npm.taobao.org/superagent/download/superagent-3.8.2.tgz",
      "integrity": "sha1-5KEbnQR/fT7+s7vlNtnsACHRZAM=",
      "requires": {
        "component-emitter": "1.2.1",
        "cookiejar": "2.1.1",
        "debug": "3.1.0",
        "extend": "3.0.1",
        "form-data": "2.3.2",
        "formidable": "1.2.1",
        "methods": "1.1.2",
        "mime": "1.6.0",
        "qs": "6.5.1",
        "readable-stream": "2.3.5"
      }
    },
    "superagent-charset": {
      "version": "1.2.0",
      "resolved": "http://registry.npm.taobao.org/superagent-charset/download/superagent-charset-1.2.0.tgz",
      "integrity": "sha1-nuulqSdfbxzT1rE4YflEY/PDo0g=",
      "requires": {
        "iconv-lite": "0.4.19"
      }
    },
    "text-encoding": {
      "version": "0.6.4",
      "resolved": "https://registry.npmjs.org/text-encoding/-/text-encoding-0.6.4.tgz",
      "integrity": "sha1-45mpgiV6J22uQou5KEXLcb3CbRk="
    },
    "timespan": {
      "version": "2.3.0",
      "resolved": "https://registry.npmjs.org/timespan/-/timespan-2.3.0.tgz",
      "integrity": "sha1-SQLOBAvRPYRcj1myfp1ZutbzmSk="
    },
    "tmpl": {
      "version": "1.0.4",
      "resolved": "https://registry.npmjs.org/tmpl/-/tmpl-1.0.4.tgz",
      "integrity": "sha1-I2QN17QtAEM5ERQIIOXPRA5SHdE="
    },
    "type-detect": {
      "version": "4.0.8",
      "resolved": "https://registry.npmjs.org/type-detect/-/type-detect-4.0.8.tgz",
      "integrity": "sha512-0fr/mIH1dlO+x7TlcMy+bIDqKPsw/70tVyeHW787goQjhmqaZe10uwLujubK9q9Lg6Fiho1KUKDYz0Z7k7g5/g=="
    },
    "uglify-js": {
      "version": "1.3.5",
      "resolved": "https://registry.npmjs.org/uglify-js/-/uglify-js-1.3.5.tgz",
      "integrity": "sha1-S1v/+Rhu/7qoiOTJ6UvZ/EyUkp0="
    },
    "util-deprecate": {
      "version": "1.0.2",
      "resolved": "http://registry.npm.taobao.org/util-deprecate/download/util-deprecate-1.0.2.tgz",
      "integrity": "sha1-RQ1Nyfpw3nMnYvvS1KKJgUGaDM8="
    },
    "walker": {
      "version": "1.0.7",
      "resolved": "https://registry.npmjs.org/walker/-/walker-1.0.7.tgz",
      "integrity": "sha1-L3+bj9ENZ3JisYqITijRlhjgKPs=",
      "requires": {
        "makeerror": "1.0.11"
      }
    },
    "winston": {
      "version": "2.4.1",
      "resolved": "https://registry.npmjs.org/winston/-/winston-2.4.1.tgz",
      "integrity": "sha512-k/+Dkzd39ZdyJHYkuaYmf4ff+7j+sCIy73UCOWHYA67/WXU+FF/Y6PF28j+Vy7qNRPHWO+dR+/+zkoQWPimPqg==",
      "requires": {
        "async": "1.0.0",
        "colors": "1.0.3",
        "cycle": "1.0.3",
        "eyes": "0.1.8",
        "isstream": "0.1.2",
        "stack-trace": "0.0.10"
      },
      "dependencies": {
        "async": {
          "version": "1.0.0",
          "resolved": "https://registry.npmjs.org/async/-/async-1.0.0.tgz",
          "integrity": "sha1-+PwEyjoTeErenhZBr5hXjPvWR6k="
        }
      }
    },
    "wrench": {
      "version": "1.3.9",
      "resolved": "https://registry.npmjs.org/wrench/-/wrench-1.3.9.tgz",
      "integrity": "sha1-bxPsNRRTF+spLKX2UxORskQRFBE="
    }
  }
}
